{
  "object": {
    "pins": [
      {
        "package": "ForjaLib",
        "repositoryURL": "https://github.com/jeansacrSantaella/LibForj.git",
        "state": {
          "branch": "main",
          "revision": "13826f92ea12a40da09a599e0c4e0fb3b669f0b8",
          "version": null
        }
      }
    ]
  },
  "version": 1
}
