{
  "object": {
    "pins": [
      {
        "package": "ForjaLib",
        "repositoryURL": "https://github.com/jeansacrSantaella/LibForj.git",
        "state": {
          "branch": "main",
          "revision": "5fad74399c19e78bca58800220e6a51b7baadd35",
          "version": null
        }
      }
    ]
  },
  "version": 1
}
